// !$*UTF8*$!
{
	archiveVersion = 1;
	classes = {
	};
	objectVersion = 51;
	objects = {

/* Begin PBXBuildFile section */
		080AE931F221209E693A8E04 /* Pods_TestTaskAppUITests.framework in Frameworks */ = {isa = PBXBuildFile; fileRef = 1BB96B62B471763DD831E4D4 /* Pods_TestTaskAppUITests.framework */; };
		231D0873231C4BD0005A99E4 /* DateFormatter+constants.swift in Sources */ = {isa = PBXBuildFile; fileRef = 231D0872231C4BD0005A99E4 /* DateFormatter+constants.swift */; };
		236047882319CB9300AB2AAE /* RoutesProtocol.swift in Sources */ = {isa = PBXBuildFile; fileRef = 236047872319CB9300AB2AAE /* RoutesProtocol.swift */; };
		2360478A2319CCDB00AB2AAE /* Router.swift in Sources */ = {isa = PBXBuildFile; fileRef = 236047892319CCDB00AB2AAE /* Router.swift */; };
		237331A423215CE100C3A909 /* Throttler.swift in Sources */ = {isa = PBXBuildFile; fileRef = 237331A323215CE100C3A909 /* Throttler.swift */; };
		237331A623223AB600C3A909 /* SearchBar.swift in Sources */ = {isa = PBXBuildFile; fileRef = 237331A523223AB600C3A909 /* SearchBar.swift */; };
		23B466D0231E70F600213F59 /* ArtistDataSource.swift in Sources */ = {isa = PBXBuildFile; fileRef = 23B466CF231E70F600213F59 /* ArtistDataSource.swift */; };
		23B466D6231E773100213F59 /* ArtistCell.swift in Sources */ = {isa = PBXBuildFile; fileRef = 23B466D4231E773100213F59 /* ArtistCell.swift */; };
		23B466DA231E864B00213F59 /* ParallaxLayout.swift in Sources */ = {isa = PBXBuildFile; fileRef = 23B466D9231E864B00213F59 /* ParallaxLayout.swift */; };
		23BB9C68231DB31900DB7FB5 /* AlbumCell.swift in Sources */ = {isa = PBXBuildFile; fileRef = 23BB9C67231DB31900DB7FB5 /* AlbumCell.swift */; };
		23BB9C6A231DB32E00DB7FB5 /* AlbumCell.xib in Resources */ = {isa = PBXBuildFile; fileRef = 23BB9C69231DB32E00DB7FB5 /* AlbumCell.xib */; };
		23BB9C6E231DB71900DB7FB5 /* CollectionDataProvider.swift in Sources */ = {isa = PBXBuildFile; fileRef = 23BB9C6D231DB71900DB7FB5 /* CollectionDataProvider.swift */; };
		23BB9C70231DB72F00DB7FB5 /* ArrayDataProvider.swift in Sources */ = {isa = PBXBuildFile; fileRef = 23BB9C6F231DB72F00DB7FB5 /* ArrayDataProvider.swift */; };
		23BB9C72231DB75B00DB7FB5 /* CollectionDataSource.swift in Sources */ = {isa = PBXBuildFile; fileRef = 23BB9C71231DB75B00DB7FB5 /* CollectionDataSource.swift */; };
		23BB9C74231DB78800DB7FB5 /* ReusableCell.swift in Sources */ = {isa = PBXBuildFile; fileRef = 23BB9C73231DB78800DB7FB5 /* ReusableCell.swift */; };
		23BB9C76231DB79500DB7FB5 /* ConfigurableCell.swift in Sources */ = {isa = PBXBuildFile; fileRef = 23BB9C75231DB79500DB7FB5 /* ConfigurableCell.swift */; };
		23BB9C79231DB7AD00DB7FB5 /* UICollectionView+dequeueCell.swift in Sources */ = {isa = PBXBuildFile; fileRef = 23BB9C78231DB7AD00DB7FB5 /* UICollectionView+dequeueCell.swift */; };
		23BB9C7B231DB7FF00DB7FB5 /* CollectionArrayDataSource.swift in Sources */ = {isa = PBXBuildFile; fileRef = 23BB9C7A231DB7FF00DB7FB5 /* CollectionArrayDataSource.swift */; };
		23BB9C7D231DBD0600DB7FB5 /* AlbumDataSource.swift in Sources */ = {isa = PBXBuildFile; fileRef = 23BB9C7C231DBD0600DB7FB5 /* AlbumDataSource.swift */; };
		23E59D822319ADF40050B1B7 /* AppDelegate.swift in Sources */ = {isa = PBXBuildFile; fileRef = 23E59D812319ADF40050B1B7 /* AppDelegate.swift */; };
		23E59D842319ADF40050B1B7 /* ViewController.swift in Sources */ = {isa = PBXBuildFile; fileRef = 23E59D832319ADF40050B1B7 /* ViewController.swift */; };
		23E59D872319ADF40050B1B7 /* Main.storyboard in Resources */ = {isa = PBXBuildFile; fileRef = 23E59D852319ADF40050B1B7 /* Main.storyboard */; };
		23E59D8A2319ADF40050B1B7 /* TestTaskApp.xcdatamodeld in Sources */ = {isa = PBXBuildFile; fileRef = 23E59D882319ADF40050B1B7 /* TestTaskApp.xcdatamodeld */; };
		23E59D8C2319ADF50050B1B7 /* Assets.xcassets in Resources */ = {isa = PBXBuildFile; fileRef = 23E59D8B2319ADF50050B1B7 /* Assets.xcassets */; };
		23E59D8F2319ADF50050B1B7 /* LaunchScreen.storyboard in Resources */ = {isa = PBXBuildFile; fileRef = 23E59D8D2319ADF50050B1B7 /* LaunchScreen.storyboard */; };
		23E59D9A2319ADF60050B1B7 /* TestTaskAppTests.swift in Sources */ = {isa = PBXBuildFile; fileRef = 23E59D992319ADF60050B1B7 /* TestTaskAppTests.swift */; };
		23E59DA52319ADF60050B1B7 /* TestTaskAppUITests.swift in Sources */ = {isa = PBXBuildFile; fileRef = 23E59DA42319ADF60050B1B7 /* TestTaskAppUITests.swift */; };
		23E59DB42319BE070050B1B7 /* Artist.swift in Sources */ = {isa = PBXBuildFile; fileRef = 23E59DB32319BE070050B1B7 /* Artist.swift */; };
		23E59DB62319BEE30050B1B7 /* Album.swift in Sources */ = {isa = PBXBuildFile; fileRef = 23E59DB52319BEE30050B1B7 /* Album.swift */; };
		23E59DB82319C3D50050B1B7 /* Track.swift in Sources */ = {isa = PBXBuildFile; fileRef = 23E59DB72319C3D50050B1B7 /* Track.swift */; };
		23E59DBA2319C4280050B1B7 /* Tag.swift in Sources */ = {isa = PBXBuildFile; fileRef = 23E59DB92319C4280050B1B7 /* Tag.swift */; };
		23EB591A231A92AB00288A78 /* Environment.swift in Sources */ = {isa = PBXBuildFile; fileRef = 23EB5919231A92AB00288A78 /* Environment.swift */; };
		23F99F5523215A3600AF6F06 /* NothingFoundCell.swift in Sources */ = {isa = PBXBuildFile; fileRef = 23F99F5323215A3600AF6F06 /* NothingFoundCell.swift */; };
		23F99F5623215A3600AF6F06 /* NothingFoundCell.xib in Resources */ = {isa = PBXBuildFile; fileRef = 23F99F5423215A3600AF6F06 /* NothingFoundCell.xib */; };
		74461AFC726F4A8BD5F563B9 /* Pods_TestTaskAppTests.framework in Frameworks */ = {isa = PBXBuildFile; fileRef = CE10B06E55DC8FD86ADD337E /* Pods_TestTaskAppTests.framework */; };
		BFD122D392B48081D9AC7B6E /* Pods_TestTaskApp.framework in Frameworks */ = {isa = PBXBuildFile; fileRef = C66CBE0E190621803DA0EAFD /* Pods_TestTaskApp.framework */; };
/* End PBXBuildFile section */

/* Begin PBXContainerItemProxy section */
		23E59D962319ADF60050B1B7 /* PBXContainerItemProxy */ = {
			isa = PBXContainerItemProxy;
			containerPortal = 23E59D762319ADF40050B1B7 /* Project object */;
			proxyType = 1;
			remoteGlobalIDString = 23E59D7D2319ADF40050B1B7;
			remoteInfo = TestTaskApp;
		};
		23E59DA12319ADF60050B1B7 /* PBXContainerItemProxy */ = {
			isa = PBXContainerItemProxy;
			containerPortal = 23E59D762319ADF40050B1B7 /* Project object */;
			proxyType = 1;
			remoteGlobalIDString = 23E59D7D2319ADF40050B1B7;
			remoteInfo = TestTaskApp;
		};
/* End PBXContainerItemProxy section */

/* Begin PBXFileReference section */
		1BB96B62B471763DD831E4D4 /* Pods_TestTaskAppUITests.framework */ = {isa = PBXFileReference; explicitFileType = wrapper.framework; includeInIndex = 0; path = Pods_TestTaskAppUITests.framework; sourceTree = BUILT_PRODUCTS_DIR; };
		231D0872231C4BD0005A99E4 /* DateFormatter+constants.swift */ = {isa = PBXFileReference; lastKnownFileType = sourcecode.swift; path = "DateFormatter+constants.swift"; sourceTree = "<group>"; };
		236047872319CB9300AB2AAE /* RoutesProtocol.swift */ = {isa = PBXFileReference; lastKnownFileType = sourcecode.swift; path = RoutesProtocol.swift; sourceTree = "<group>"; };
		236047892319CCDB00AB2AAE /* Router.swift */ = {isa = PBXFileReference; lastKnownFileType = sourcecode.swift; path = Router.swift; sourceTree = "<group>"; };
		237331A323215CE100C3A909 /* Throttler.swift */ = {isa = PBXFileReference; lastKnownFileType = sourcecode.swift; path = Throttler.swift; sourceTree = "<group>"; };
		237331A523223AB600C3A909 /* SearchBar.swift */ = {isa = PBXFileReference; lastKnownFileType = sourcecode.swift; path = SearchBar.swift; sourceTree = "<group>"; };
		23B466CF231E70F600213F59 /* ArtistDataSource.swift */ = {isa = PBXFileReference; lastKnownFileType = sourcecode.swift; path = ArtistDataSource.swift; sourceTree = "<group>"; };
		23B466D4231E773100213F59 /* ArtistCell.swift */ = {isa = PBXFileReference; lastKnownFileType = sourcecode.swift; path = ArtistCell.swift; sourceTree = "<group>"; };
		23B466D9231E864B00213F59 /* ParallaxLayout.swift */ = {isa = PBXFileReference; lastKnownFileType = sourcecode.swift; path = ParallaxLayout.swift; sourceTree = "<group>"; };
		23BB9C67231DB31900DB7FB5 /* AlbumCell.swift */ = {isa = PBXFileReference; lastKnownFileType = sourcecode.swift; path = AlbumCell.swift; sourceTree = "<group>"; };
		23BB9C69231DB32E00DB7FB5 /* AlbumCell.xib */ = {isa = PBXFileReference; lastKnownFileType = file.xib; path = AlbumCell.xib; sourceTree = "<group>"; };
		23BB9C6D231DB71900DB7FB5 /* CollectionDataProvider.swift */ = {isa = PBXFileReference; lastKnownFileType = sourcecode.swift; path = CollectionDataProvider.swift; sourceTree = "<group>"; };
		23BB9C6F231DB72F00DB7FB5 /* ArrayDataProvider.swift */ = {isa = PBXFileReference; lastKnownFileType = sourcecode.swift; path = ArrayDataProvider.swift; sourceTree = "<group>"; };
		23BB9C71231DB75B00DB7FB5 /* CollectionDataSource.swift */ = {isa = PBXFileReference; lastKnownFileType = sourcecode.swift; path = CollectionDataSource.swift; sourceTree = "<group>"; };
		23BB9C73231DB78800DB7FB5 /* ReusableCell.swift */ = {isa = PBXFileReference; lastKnownFileType = sourcecode.swift; path = ReusableCell.swift; sourceTree = "<group>"; };
		23BB9C75231DB79500DB7FB5 /* ConfigurableCell.swift */ = {isa = PBXFileReference; lastKnownFileType = sourcecode.swift; path = ConfigurableCell.swift; sourceTree = "<group>"; };
		23BB9C78231DB7AD00DB7FB5 /* UICollectionView+dequeueCell.swift */ = {isa = PBXFileReference; lastKnownFileType = sourcecode.swift; path = "UICollectionView+dequeueCell.swift"; sourceTree = "<group>"; };
		23BB9C7A231DB7FF00DB7FB5 /* CollectionArrayDataSource.swift */ = {isa = PBXFileReference; lastKnownFileType = sourcecode.swift; path = CollectionArrayDataSource.swift; sourceTree = "<group>"; };
		23BB9C7C231DBD0600DB7FB5 /* AlbumDataSource.swift */ = {isa = PBXFileReference; lastKnownFileType = sourcecode.swift; path = AlbumDataSource.swift; sourceTree = "<group>"; };
		23E59D7E2319ADF40050B1B7 /* TestTaskApp.app */ = {isa = PBXFileReference; explicitFileType = wrapper.application; includeInIndex = 0; path = TestTaskApp.app; sourceTree = BUILT_PRODUCTS_DIR; };
		23E59D812319ADF40050B1B7 /* AppDelegate.swift */ = {isa = PBXFileReference; lastKnownFileType = sourcecode.swift; path = AppDelegate.swift; sourceTree = "<group>"; };
		23E59D832319ADF40050B1B7 /* ViewController.swift */ = {isa = PBXFileReference; lastKnownFileType = sourcecode.swift; path = ViewController.swift; sourceTree = "<group>"; };
		23E59D862319ADF40050B1B7 /* Base */ = {isa = PBXFileReference; lastKnownFileType = file.storyboard; name = Base; path = Base.lproj/Main.storyboard; sourceTree = "<group>"; };
		23E59D892319ADF40050B1B7 /* TestTaskApp.xcdatamodel */ = {isa = PBXFileReference; lastKnownFileType = wrapper.xcdatamodel; path = TestTaskApp.xcdatamodel; sourceTree = "<group>"; };
		23E59D8B2319ADF50050B1B7 /* Assets.xcassets */ = {isa = PBXFileReference; lastKnownFileType = folder.assetcatalog; path = Assets.xcassets; sourceTree = "<group>"; };
		23E59D8E2319ADF50050B1B7 /* Base */ = {isa = PBXFileReference; lastKnownFileType = file.storyboard; name = Base; path = Base.lproj/LaunchScreen.storyboard; sourceTree = "<group>"; };
		23E59D902319ADF50050B1B7 /* Info.plist */ = {isa = PBXFileReference; lastKnownFileType = text.plist.xml; path = Info.plist; sourceTree = "<group>"; };
		23E59D952319ADF60050B1B7 /* TestTaskAppTests.xctest */ = {isa = PBXFileReference; explicitFileType = wrapper.cfbundle; includeInIndex = 0; path = TestTaskAppTests.xctest; sourceTree = BUILT_PRODUCTS_DIR; };
		23E59D992319ADF60050B1B7 /* TestTaskAppTests.swift */ = {isa = PBXFileReference; lastKnownFileType = sourcecode.swift; path = TestTaskAppTests.swift; sourceTree = "<group>"; };
		23E59D9B2319ADF60050B1B7 /* Info.plist */ = {isa = PBXFileReference; lastKnownFileType = text.plist.xml; path = Info.plist; sourceTree = "<group>"; };
		23E59DA02319ADF60050B1B7 /* TestTaskAppUITests.xctest */ = {isa = PBXFileReference; explicitFileType = wrapper.cfbundle; includeInIndex = 0; path = TestTaskAppUITests.xctest; sourceTree = BUILT_PRODUCTS_DIR; };
		23E59DA42319ADF60050B1B7 /* TestTaskAppUITests.swift */ = {isa = PBXFileReference; lastKnownFileType = sourcecode.swift; path = TestTaskAppUITests.swift; sourceTree = "<group>"; };
		23E59DA62319ADF60050B1B7 /* Info.plist */ = {isa = PBXFileReference; lastKnownFileType = text.plist.xml; path = Info.plist; sourceTree = "<group>"; };
		23E59DB32319BE070050B1B7 /* Artist.swift */ = {isa = PBXFileReference; lastKnownFileType = sourcecode.swift; path = Artist.swift; sourceTree = "<group>"; };
		23E59DB52319BEE30050B1B7 /* Album.swift */ = {isa = PBXFileReference; lastKnownFileType = sourcecode.swift; path = Album.swift; sourceTree = "<group>"; };
		23E59DB72319C3D50050B1B7 /* Track.swift */ = {isa = PBXFileReference; lastKnownFileType = sourcecode.swift; path = Track.swift; sourceTree = "<group>"; };
		23E59DB92319C4280050B1B7 /* Tag.swift */ = {isa = PBXFileReference; lastKnownFileType = sourcecode.swift; path = Tag.swift; sourceTree = "<group>"; };
		23EB5919231A92AB00288A78 /* Environment.swift */ = {isa = PBXFileReference; lastKnownFileType = sourcecode.swift; path = Environment.swift; sourceTree = "<group>"; };
		23EB591C231A934400288A78 /* Develop.xcconfig */ = {isa = PBXFileReference; lastKnownFileType = text.xcconfig; path = Develop.xcconfig; sourceTree = "<group>"; };
		23F99F5323215A3600AF6F06 /* NothingFoundCell.swift */ = {isa = PBXFileReference; lastKnownFileType = sourcecode.swift; path = NothingFoundCell.swift; sourceTree = "<group>"; };
		23F99F5423215A3600AF6F06 /* NothingFoundCell.xib */ = {isa = PBXFileReference; lastKnownFileType = file.xib; path = NothingFoundCell.xib; sourceTree = "<group>"; };
		41C7C2A801F43B470829ED17 /* Pods-TestTaskAppUITests.release.xcconfig */ = {isa = PBXFileReference; includeInIndex = 1; lastKnownFileType = text.xcconfig; name = "Pods-TestTaskAppUITests.release.xcconfig"; path = "Target Support Files/Pods-TestTaskAppUITests/Pods-TestTaskAppUITests.release.xcconfig"; sourceTree = "<group>"; };
		53177CB7A76CEF3AAFDC50E5 /* Pods-TestTaskAppUITests.debug.xcconfig */ = {isa = PBXFileReference; includeInIndex = 1; lastKnownFileType = text.xcconfig; name = "Pods-TestTaskAppUITests.debug.xcconfig"; path = "Target Support Files/Pods-TestTaskAppUITests/Pods-TestTaskAppUITests.debug.xcconfig"; sourceTree = "<group>"; };
		8B8E46E4A6806546F7CDD382 /* Pods-TestTaskApp.release.xcconfig */ = {isa = PBXFileReference; includeInIndex = 1; lastKnownFileType = text.xcconfig; name = "Pods-TestTaskApp.release.xcconfig"; path = "Target Support Files/Pods-TestTaskApp/Pods-TestTaskApp.release.xcconfig"; sourceTree = "<group>"; };
		929892BEB1CC8799408D5C3B /* Pods-TestTaskApp.debug.xcconfig */ = {isa = PBXFileReference; includeInIndex = 1; lastKnownFileType = text.xcconfig; name = "Pods-TestTaskApp.debug.xcconfig"; path = "Target Support Files/Pods-TestTaskApp/Pods-TestTaskApp.debug.xcconfig"; sourceTree = "<group>"; };
		C66CBE0E190621803DA0EAFD /* Pods_TestTaskApp.framework */ = {isa = PBXFileReference; explicitFileType = wrapper.framework; includeInIndex = 0; path = Pods_TestTaskApp.framework; sourceTree = BUILT_PRODUCTS_DIR; };
		CB43B9058B2BA542DB12E113 /* Pods-TestTaskAppTests.release.xcconfig */ = {isa = PBXFileReference; includeInIndex = 1; lastKnownFileType = text.xcconfig; name = "Pods-TestTaskAppTests.release.xcconfig"; path = "Target Support Files/Pods-TestTaskAppTests/Pods-TestTaskAppTests.release.xcconfig"; sourceTree = "<group>"; };
		CE10B06E55DC8FD86ADD337E /* Pods_TestTaskAppTests.framework */ = {isa = PBXFileReference; explicitFileType = wrapper.framework; includeInIndex = 0; path = Pods_TestTaskAppTests.framework; sourceTree = BUILT_PRODUCTS_DIR; };
		D75C97A454394D97209D7780 /* Pods-TestTaskAppTests.debug.xcconfig */ = {isa = PBXFileReference; includeInIndex = 1; lastKnownFileType = text.xcconfig; name = "Pods-TestTaskAppTests.debug.xcconfig"; path = "Target Support Files/Pods-TestTaskAppTests/Pods-TestTaskAppTests.debug.xcconfig"; sourceTree = "<group>"; };
/* End PBXFileReference section */

/* Begin PBXFrameworksBuildPhase section */
		23E59D7B2319ADF40050B1B7 /* Frameworks */ = {
			isa = PBXFrameworksBuildPhase;
			buildActionMask = 2147483647;
			files = (
				BFD122D392B48081D9AC7B6E /* Pods_TestTaskApp.framework in Frameworks */,
			);
			runOnlyForDeploymentPostprocessing = 0;
		};
		23E59D922319ADF60050B1B7 /* Frameworks */ = {
			isa = PBXFrameworksBuildPhase;
			buildActionMask = 2147483647;
			files = (
				74461AFC726F4A8BD5F563B9 /* Pods_TestTaskAppTests.framework in Frameworks */,
			);
			runOnlyForDeploymentPostprocessing = 0;
		};
		23E59D9D2319ADF60050B1B7 /* Frameworks */ = {
			isa = PBXFrameworksBuildPhase;
			buildActionMask = 2147483647;
			files = (
				080AE931F221209E693A8E04 /* Pods_TestTaskAppUITests.framework in Frameworks */,
			);
			runOnlyForDeploymentPostprocessing = 0;
		};
/* End PBXFrameworksBuildPhase section */

/* Begin PBXGroup section */
		231D0870231C4BBC005A99E4 /* Formatters */ = {
			isa = PBXGroup;
			children = (
				231D0871231C4BC0005A99E4 /* Date */,
			);
			path = Formatters;
			sourceTree = "<group>";
		};
		231D0871231C4BC0005A99E4 /* Date */ = {
			isa = PBXGroup;
			children = (
				231D0872231C4BD0005A99E4 /* DateFormatter+constants.swift */,
			);
			path = Date;
			sourceTree = "<group>";
		};
		236047862319CB8700AB2AAE /* Networking */ = {
			isa = PBXGroup;
			children = (
				236047872319CB9300AB2AAE /* RoutesProtocol.swift */,
				236047892319CCDB00AB2AAE /* Router.swift */,
			);
			path = Networking;
			sourceTree = "<group>";
		};
		237331A223215CD000C3A909 /* SearchBar */ = {
			isa = PBXGroup;
			children = (
				237331A323215CE100C3A909 /* Throttler.swift */,
				237331A523223AB600C3A909 /* SearchBar.swift */,
			);
			path = SearchBar;
			sourceTree = "<group>";
		};
		23B466D8231E861700213F59 /* Layouts */ = {
			isa = PBXGroup;
			children = (
				23B466D9231E864B00213F59 /* ParallaxLayout.swift */,
			);
			path = Layouts;
			sourceTree = "<group>";
		};
		23BB9C65231DB12A00DB7FB5 /* Controllers */ = {
			isa = PBXGroup;
			children = (
				23E59D832319ADF40050B1B7 /* ViewController.swift */,
			);
			path = Controllers;
			sourceTree = "<group>";
		};
		23BB9C66231DB30200DB7FB5 /* Cells */ = {
			isa = PBXGroup;
			children = (
				23BB9C73231DB78800DB7FB5 /* ReusableCell.swift */,
				23BB9C75231DB79500DB7FB5 /* ConfigurableCell.swift */,
				23BB9C67231DB31900DB7FB5 /* AlbumCell.swift */,
				23BB9C69231DB32E00DB7FB5 /* AlbumCell.xib */,
				23B466D4231E773100213F59 /* ArtistCell.swift */,
				23F99F5323215A3600AF6F06 /* NothingFoundCell.swift */,
				23F99F5423215A3600AF6F06 /* NothingFoundCell.xib */,
			);
			path = Cells;
			sourceTree = "<group>";
		};
		23BB9C6B231DB6FB00DB7FB5 /* DataSources */ = {
			isa = PBXGroup;
			children = (
				23BB9C71231DB75B00DB7FB5 /* CollectionDataSource.swift */,
				23BB9C7A231DB7FF00DB7FB5 /* CollectionArrayDataSource.swift */,
				23BB9C7C231DBD0600DB7FB5 /* AlbumDataSource.swift */,
				23B466CF231E70F600213F59 /* ArtistDataSource.swift */,
			);
			path = DataSources;
			sourceTree = "<group>";
		};
		23BB9C6C231DB70200DB7FB5 /* DataProviders */ = {
			isa = PBXGroup;
			children = (
				23BB9C6D231DB71900DB7FB5 /* CollectionDataProvider.swift */,
				23BB9C6F231DB72F00DB7FB5 /* ArrayDataProvider.swift */,
			);
			path = DataProviders;
			sourceTree = "<group>";
		};
		23BB9C77231DB79D00DB7FB5 /* Extensions */ = {
			isa = PBXGroup;
			children = (
				23BB9C78231DB7AD00DB7FB5 /* UICollectionView+dequeueCell.swift */,
			);
			path = Extensions;
			sourceTree = "<group>";
		};
		23E59D752319ADF40050B1B7 = {
			isa = PBXGroup;
			children = (
				23E59D802319ADF40050B1B7 /* TestTaskApp */,
				23E59D982319ADF60050B1B7 /* TestTaskAppTests */,
				23E59DA32319ADF60050B1B7 /* TestTaskAppUITests */,
				23E59D7F2319ADF40050B1B7 /* Products */,
				35CF5108F6AB151509F3B1C8 /* Pods */,
				5AFA2716F5A02DA1488E2BCD /* Frameworks */,
			);
			sourceTree = "<group>";
		};
		23E59D7F2319ADF40050B1B7 /* Products */ = {
			isa = PBXGroup;
			children = (
				23E59D7E2319ADF40050B1B7 /* TestTaskApp.app */,
				23E59D952319ADF60050B1B7 /* TestTaskAppTests.xctest */,
				23E59DA02319ADF60050B1B7 /* TestTaskAppUITests.xctest */,
			);
			name = Products;
			sourceTree = "<group>";
		};
		23E59D802319ADF40050B1B7 /* TestTaskApp */ = {
			isa = PBXGroup;
			children = (
				237331A223215CD000C3A909 /* SearchBar */,
				23B466D8231E861700213F59 /* Layouts */,
				23BB9C77231DB79D00DB7FB5 /* Extensions */,
				23BB9C6C231DB70200DB7FB5 /* DataProviders */,
				23BB9C6B231DB6FB00DB7FB5 /* DataSources */,
				23BB9C66231DB30200DB7FB5 /* Cells */,
				23E59D902319ADF50050B1B7 /* Info.plist */,
				23E59D812319ADF40050B1B7 /* AppDelegate.swift */,
				23E59D8B2319ADF50050B1B7 /* Assets.xcassets */,
				23EB5918231A929F00288A78 /* Configuration */,
				23BB9C65231DB12A00DB7FB5 /* Controllers */,
				231D0870231C4BBC005A99E4 /* Formatters */,
				23E59D8D2319ADF50050B1B7 /* LaunchScreen.storyboard */,
				23E59D852319ADF40050B1B7 /* Main.storyboard */,
				23E59DB22319BDF70050B1B7 /* Models */,
				236047862319CB8700AB2AAE /* Networking */,
				23E59D882319ADF40050B1B7 /* TestTaskApp.xcdatamodeld */,
			);
			path = TestTaskApp;
			sourceTree = "<group>";
		};
		23E59D982319ADF60050B1B7 /* TestTaskAppTests */ = {
			isa = PBXGroup;
			children = (
				23E59D992319ADF60050B1B7 /* TestTaskAppTests.swift */,
				23E59D9B2319ADF60050B1B7 /* Info.plist */,
			);
			path = TestTaskAppTests;
			sourceTree = "<group>";
		};
		23E59DA32319ADF60050B1B7 /* TestTaskAppUITests */ = {
			isa = PBXGroup;
			children = (
				23E59DA42319ADF60050B1B7 /* TestTaskAppUITests.swift */,
				23E59DA62319ADF60050B1B7 /* Info.plist */,
			);
			path = TestTaskAppUITests;
			sourceTree = "<group>";
		};
		23E59DB22319BDF70050B1B7 /* Models */ = {
			isa = PBXGroup;
			children = (
				23E59DB32319BE070050B1B7 /* Artist.swift */,
				23E59DB52319BEE30050B1B7 /* Album.swift */,
				23E59DB72319C3D50050B1B7 /* Track.swift */,
				23E59DB92319C4280050B1B7 /* Tag.swift */,
			);
			path = Models;
			sourceTree = "<group>";
		};
		23EB5918231A929F00288A78 /* Configuration */ = {
			isa = PBXGroup;
			children = (
				23EB591B231A932B00288A78 /* Environments */,
				23EB5919231A92AB00288A78 /* Environment.swift */,
			);
			path = Configuration;
			sourceTree = "<group>";
		};
		23EB591B231A932B00288A78 /* Environments */ = {
			isa = PBXGroup;
			children = (
				23EB591C231A934400288A78 /* Develop.xcconfig */,
			);
			path = Environments;
			sourceTree = "<group>";
		};
		35CF5108F6AB151509F3B1C8 /* Pods */ = {
			isa = PBXGroup;
			children = (
				929892BEB1CC8799408D5C3B /* Pods-TestTaskApp.debug.xcconfig */,
				8B8E46E4A6806546F7CDD382 /* Pods-TestTaskApp.release.xcconfig */,
				D75C97A454394D97209D7780 /* Pods-TestTaskAppTests.debug.xcconfig */,
				CB43B9058B2BA542DB12E113 /* Pods-TestTaskAppTests.release.xcconfig */,
				53177CB7A76CEF3AAFDC50E5 /* Pods-TestTaskAppUITests.debug.xcconfig */,
				41C7C2A801F43B470829ED17 /* Pods-TestTaskAppUITests.release.xcconfig */,
			);
			path = Pods;
			sourceTree = "<group>";
		};
		5AFA2716F5A02DA1488E2BCD /* Frameworks */ = {
			isa = PBXGroup;
			children = (
				C66CBE0E190621803DA0EAFD /* Pods_TestTaskApp.framework */,
				CE10B06E55DC8FD86ADD337E /* Pods_TestTaskAppTests.framework */,
				1BB96B62B471763DD831E4D4 /* Pods_TestTaskAppUITests.framework */,
			);
			name = Frameworks;
			sourceTree = "<group>";
		};
/* End PBXGroup section */

/* Begin PBXNativeTarget section */
		23E59D7D2319ADF40050B1B7 /* TestTaskApp */ = {
			isa = PBXNativeTarget;
			buildConfigurationList = 23E59DA92319ADF60050B1B7 /* Build configuration list for PBXNativeTarget "TestTaskApp" */;
			buildPhases = (
				EA47015F0F4A7300A7B0D15D /* [CP] Check Pods Manifest.lock */,
				23E59D7A2319ADF40050B1B7 /* Sources */,
				23E59D7B2319ADF40050B1B7 /* Frameworks */,
				23E59D7C2319ADF40050B1B7 /* Resources */,
				D7BB512FD1F37EF624D2219B /* [CP] Embed Pods Frameworks */,
			);
			buildRules = (
			);
			dependencies = (
			);
			name = TestTaskApp;
			productName = TestTaskApp;
			productReference = 23E59D7E2319ADF40050B1B7 /* TestTaskApp.app */;
			productType = "com.apple.product-type.application";
		};
		23E59D942319ADF60050B1B7 /* TestTaskAppTests */ = {
			isa = PBXNativeTarget;
			buildConfigurationList = 23E59DAC2319ADF60050B1B7 /* Build configuration list for PBXNativeTarget "TestTaskAppTests" */;
			buildPhases = (
				B55B9F6AD542B600E473C5F8 /* [CP] Check Pods Manifest.lock */,
				23E59D912319ADF60050B1B7 /* Sources */,
				23E59D922319ADF60050B1B7 /* Frameworks */,
				23E59D932319ADF60050B1B7 /* Resources */,
			);
			buildRules = (
			);
			dependencies = (
				23E59D972319ADF60050B1B7 /* PBXTargetDependency */,
			);
			name = TestTaskAppTests;
			productName = TestTaskAppTests;
			productReference = 23E59D952319ADF60050B1B7 /* TestTaskAppTests.xctest */;
			productType = "com.apple.product-type.bundle.unit-test";
		};
		23E59D9F2319ADF60050B1B7 /* TestTaskAppUITests */ = {
			isa = PBXNativeTarget;
			buildConfigurationList = 23E59DAF2319ADF60050B1B7 /* Build configuration list for PBXNativeTarget "TestTaskAppUITests" */;
			buildPhases = (
				6892006DC3FE952876683153 /* [CP] Check Pods Manifest.lock */,
				23E59D9C2319ADF60050B1B7 /* Sources */,
				23E59D9D2319ADF60050B1B7 /* Frameworks */,
				23E59D9E2319ADF60050B1B7 /* Resources */,
			);
			buildRules = (
			);
			dependencies = (
				23E59DA22319ADF60050B1B7 /* PBXTargetDependency */,
			);
			name = TestTaskAppUITests;
			productName = TestTaskAppUITests;
			productReference = 23E59DA02319ADF60050B1B7 /* TestTaskAppUITests.xctest */;
			productType = "com.apple.product-type.bundle.ui-testing";
		};
/* End PBXNativeTarget section */

/* Begin PBXProject section */
		23E59D762319ADF40050B1B7 /* Project object */ = {
			isa = PBXProject;
			attributes = {
				LastSwiftUpdateCheck = 1020;
				LastUpgradeCheck = 1020;
				ORGANIZATIONNAME = "Djordje Ljubinkovic";
				TargetAttributes = {
					23E59D7D2319ADF40050B1B7 = {
						CreatedOnToolsVersion = 10.2.1;
					};
					23E59D942319ADF60050B1B7 = {
						CreatedOnToolsVersion = 10.2.1;
						TestTargetID = 23E59D7D2319ADF40050B1B7;
					};
					23E59D9F2319ADF60050B1B7 = {
						CreatedOnToolsVersion = 10.2.1;
						TestTargetID = 23E59D7D2319ADF40050B1B7;
					};
				};
			};
			buildConfigurationList = 23E59D792319ADF40050B1B7 /* Build configuration list for PBXProject "TestTaskApp" */;
			compatibilityVersion = "Xcode 9.3";
			developmentRegion = en;
			hasScannedForEncodings = 0;
			knownRegions = (
				en,
				Base,
			);
			mainGroup = 23E59D752319ADF40050B1B7;
			productRefGroup = 23E59D7F2319ADF40050B1B7 /* Products */;
			projectDirPath = "";
			projectRoot = "";
			targets = (
				23E59D7D2319ADF40050B1B7 /* TestTaskApp */,
				23E59D942319ADF60050B1B7 /* TestTaskAppTests */,
				23E59D9F2319ADF60050B1B7 /* TestTaskAppUITests */,
			);
		};
/* End PBXProject section */

/* Begin PBXResourcesBuildPhase section */
		23E59D7C2319ADF40050B1B7 /* Resources */ = {
			isa = PBXResourcesBuildPhase;
			buildActionMask = 2147483647;
			files = (
				23E59D8F2319ADF50050B1B7 /* LaunchScreen.storyboard in Resources */,
				23E59D8C2319ADF50050B1B7 /* Assets.xcassets in Resources */,
				23E59D872319ADF40050B1B7 /* Main.storyboard in Resources */,
				23F99F5623215A3600AF6F06 /* NothingFoundCell.xib in Resources */,
				23BB9C6A231DB32E00DB7FB5 /* AlbumCell.xib in Resources */,
			);
			runOnlyForDeploymentPostprocessing = 0;
		};
		23E59D932319ADF60050B1B7 /* Resources */ = {
			isa = PBXResourcesBuildPhase;
			buildActionMask = 2147483647;
			files = (
			);
			runOnlyForDeploymentPostprocessing = 0;
		};
		23E59D9E2319ADF60050B1B7 /* Resources */ = {
			isa = PBXResourcesBuildPhase;
			buildActionMask = 2147483647;
			files = (
			);
			runOnlyForDeploymentPostprocessing = 0;
		};
/* End PBXResourcesBuildPhase section */

/* Begin PBXShellScriptBuildPhase section */
		6892006DC3FE952876683153 /* [CP] Check Pods Manifest.lock */ = {
			isa = PBXShellScriptBuildPhase;
			buildActionMask = 2147483647;
			files = (
			);
			inputFileListPaths = (
			);
			inputPaths = (
				"${PODS_PODFILE_DIR_PATH}/Podfile.lock",
				"${PODS_ROOT}/Manifest.lock",
			);
			name = "[CP] Check Pods Manifest.lock";
			outputFileListPaths = (
			);
			outputPaths = (
				"$(DERIVED_FILE_DIR)/Pods-TestTaskAppUITests-checkManifestLockResult.txt",
			);
			runOnlyForDeploymentPostprocessing = 0;
			shellPath = /bin/sh;
			shellScript = "diff \"${PODS_PODFILE_DIR_PATH}/Podfile.lock\" \"${PODS_ROOT}/Manifest.lock\" > /dev/null\nif [ $? != 0 ] ; then\n    # print error to STDERR\n    echo \"error: The sandbox is not in sync with the Podfile.lock. Run 'pod install' or update your CocoaPods installation.\" >&2\n    exit 1\nfi\n# This output is used by Xcode 'outputs' to avoid re-running this script phase.\necho \"SUCCESS\" > \"${SCRIPT_OUTPUT_FILE_0}\"\n";
			showEnvVarsInLog = 0;
		};
		B55B9F6AD542B600E473C5F8 /* [CP] Check Pods Manifest.lock */ = {
			isa = PBXShellScriptBuildPhase;
			buildActionMask = 2147483647;
			files = (
			);
			inputFileListPaths = (
			);
			inputPaths = (
				"${PODS_PODFILE_DIR_PATH}/Podfile.lock",
				"${PODS_ROOT}/Manifest.lock",
			);
			name = "[CP] Check Pods Manifest.lock";
			outputFileListPaths = (
			);
			outputPaths = (
				"$(DERIVED_FILE_DIR)/Pods-TestTaskAppTests-checkManifestLockResult.txt",
			);
			runOnlyForDeploymentPostprocessing = 0;
			shellPath = /bin/sh;
			shellScript = "diff \"${PODS_PODFILE_DIR_PATH}/Podfile.lock\" \"${PODS_ROOT}/Manifest.lock\" > /dev/null\nif [ $? != 0 ] ; then\n    # print error to STDERR\n    echo \"error: The sandbox is not in sync with the Podfile.lock. Run 'pod install' or update your CocoaPods installation.\" >&2\n    exit 1\nfi\n# This output is used by Xcode 'outputs' to avoid re-running this script phase.\necho \"SUCCESS\" > \"${SCRIPT_OUTPUT_FILE_0}\"\n";
			showEnvVarsInLog = 0;
		};
		D7BB512FD1F37EF624D2219B /* [CP] Embed Pods Frameworks */ = {
			isa = PBXShellScriptBuildPhase;
			buildActionMask = 2147483647;
			files = (
			);
			inputFileListPaths = (
				"${PODS_ROOT}/Target Support Files/Pods-TestTaskApp/Pods-TestTaskApp-frameworks-${CONFIGURATION}-input-files.xcfilelist",
			);
			name = "[CP] Embed Pods Frameworks";
			outputFileListPaths = (
				"${PODS_ROOT}/Target Support Files/Pods-TestTaskApp/Pods-TestTaskApp-frameworks-${CONFIGURATION}-output-files.xcfilelist",
			);
			runOnlyForDeploymentPostprocessing = 0;
			shellPath = /bin/sh;
			shellScript = "\"${PODS_ROOT}/Target Support Files/Pods-TestTaskApp/Pods-TestTaskApp-frameworks.sh\"\n";
			showEnvVarsInLog = 0;
		};
		EA47015F0F4A7300A7B0D15D /* [CP] Check Pods Manifest.lock */ = {
			isa = PBXShellScriptBuildPhase;
			buildActionMask = 2147483647;
			files = (
			);
			inputFileListPaths = (
			);
			inputPaths = (
				"${PODS_PODFILE_DIR_PATH}/Podfile.lock",
				"${PODS_ROOT}/Manifest.lock",
			);
			name = "[CP] Check Pods Manifest.lock";
			outputFileListPaths = (
			);
			outputPaths = (
				"$(DERIVED_FILE_DIR)/Pods-TestTaskApp-checkManifestLockResult.txt",
			);
			runOnlyForDeploymentPostprocessing = 0;
			shellPath = /bin/sh;
			shellScript = "diff \"${PODS_PODFILE_DIR_PATH}/Podfile.lock\" \"${PODS_ROOT}/Manifest.lock\" > /dev/null\nif [ $? != 0 ] ; then\n    # print error to STDERR\n    echo \"error: The sandbox is not in sync with the Podfile.lock. Run 'pod install' or update your CocoaPods installation.\" >&2\n    exit 1\nfi\n# This output is used by Xcode 'outputs' to avoid re-running this script phase.\necho \"SUCCESS\" > \"${SCRIPT_OUTPUT_FILE_0}\"\n";
			showEnvVarsInLog = 0;
		};
/* End PBXShellScriptBuildPhase section */

/* Begin PBXSourcesBuildPhase section */
		23E59D7A2319ADF40050B1B7 /* Sources */ = {
			isa = PBXSourcesBuildPhase;
			buildActionMask = 2147483647;
			files = (
				23B466D6231E773100213F59 /* ArtistCell.swift in Sources */,
				23BB9C7D231DBD0600DB7FB5 /* AlbumDataSource.swift in Sources */,
				23BB9C74231DB78800DB7FB5 /* ReusableCell.swift in Sources */,
				23BB9C79231DB7AD00DB7FB5 /* UICollectionView+dequeueCell.swift in Sources */,
				23E59D842319ADF40050B1B7 /* ViewController.swift in Sources */,
				231D0873231C4BD0005A99E4 /* DateFormatter+constants.swift in Sources */,
				2360478A2319CCDB00AB2AAE /* Router.swift in Sources */,
				23B466D0231E70F600213F59 /* ArtistDataSource.swift in Sources */,
				23E59D8A2319ADF40050B1B7 /* TestTaskApp.xcdatamodeld in Sources */,
				23E59DB42319BE070050B1B7 /* Artist.swift in Sources */,
				236047882319CB9300AB2AAE /* RoutesProtocol.swift in Sources */,
				23BB9C76231DB79500DB7FB5 /* ConfigurableCell.swift in Sources */,
				23E59DBA2319C4280050B1B7 /* Tag.swift in Sources */,
				237331A623223AB600C3A909 /* SearchBar.swift in Sources */,
				23EB591A231A92AB00288A78 /* Environment.swift in Sources */,
				23E59D822319ADF40050B1B7 /* AppDelegate.swift in Sources */,
				23E59DB62319BEE30050B1B7 /* Album.swift in Sources */,
				237331A423215CE100C3A909 /* Throttler.swift in Sources */,
				23E59DB82319C3D50050B1B7 /* Track.swift in Sources */,
				23BB9C68231DB31900DB7FB5 /* AlbumCell.swift in Sources */,
				23BB9C70231DB72F00DB7FB5 /* ArrayDataProvider.swift in Sources */,
				23BB9C7B231DB7FF00DB7FB5 /* CollectionArrayDataSource.swift in Sources */,
				23F99F5523215A3600AF6F06 /* NothingFoundCell.swift in Sources */,
				23B466DA231E864B00213F59 /* ParallaxLayout.swift in Sources */,
				23BB9C6E231DB71900DB7FB5 /* CollectionDataProvider.swift in Sources */,
				23BB9C72231DB75B00DB7FB5 /* CollectionDataSource.swift in Sources */,
			);
			runOnlyForDeploymentPostprocessing = 0;
		};
		23E59D912319ADF60050B1B7 /* Sources */ = {
			isa = PBXSourcesBuildPhase;
			buildActionMask = 2147483647;
			files = (
				23E59D9A2319ADF60050B1B7 /* TestTaskAppTests.swift in Sources */,
			);
			runOnlyForDeploymentPostprocessing = 0;
		};
		23E59D9C2319ADF60050B1B7 /* Sources */ = {
			isa = PBXSourcesBuildPhase;
			buildActionMask = 2147483647;
			files = (
				23E59DA52319ADF60050B1B7 /* TestTaskAppUITests.swift in Sources */,
			);
			runOnlyForDeploymentPostprocessing = 0;
		};
/* End PBXSourcesBuildPhase section */

/* Begin PBXTargetDependency section */
		23E59D972319ADF60050B1B7 /* PBXTargetDependency */ = {
			isa = PBXTargetDependency;
			target = 23E59D7D2319ADF40050B1B7 /* TestTaskApp */;
			targetProxy = 23E59D962319ADF60050B1B7 /* PBXContainerItemProxy */;
		};
		23E59DA22319ADF60050B1B7 /* PBXTargetDependency */ = {
			isa = PBXTargetDependency;
			target = 23E59D7D2319ADF40050B1B7 /* TestTaskApp */;
			targetProxy = 23E59DA12319ADF60050B1B7 /* PBXContainerItemProxy */;
		};
/* End PBXTargetDependency section */

/* Begin PBXVariantGroup section */
		23E59D852319ADF40050B1B7 /* Main.storyboard */ = {
			isa = PBXVariantGroup;
			children = (
				23E59D862319ADF40050B1B7 /* Base */,
			);
			name = Main.storyboard;
			sourceTree = "<group>";
		};
		23E59D8D2319ADF50050B1B7 /* LaunchScreen.storyboard */ = {
			isa = PBXVariantGroup;
			children = (
				23E59D8E2319ADF50050B1B7 /* Base */,
			);
			name = LaunchScreen.storyboard;
			sourceTree = "<group>";
		};
/* End PBXVariantGroup section */

/* Begin XCBuildConfiguration section */
		23E59DA72319ADF60050B1B7 /* Debug */ = {
			isa = XCBuildConfiguration;
			buildSettings = {
				ALWAYS_SEARCH_USER_PATHS = NO;
				CLANG_ANALYZER_NONNULL = YES;
				CLANG_ANALYZER_NUMBER_OBJECT_CONVERSION = YES_AGGRESSIVE;
				CLANG_CXX_LANGUAGE_STANDARD = "gnu++14";
				CLANG_CXX_LIBRARY = "libc++";
				CLANG_ENABLE_MODULES = YES;
				CLANG_ENABLE_OBJC_ARC = YES;
				CLANG_ENABLE_OBJC_WEAK = YES;
				CLANG_WARN_BLOCK_CAPTURE_AUTORELEASING = YES;
				CLANG_WARN_BOOL_CONVERSION = YES;
				CLANG_WARN_COMMA = YES;
				CLANG_WARN_CONSTANT_CONVERSION = YES;
				CLANG_WARN_DEPRECATED_OBJC_IMPLEMENTATIONS = YES;
				CLANG_WARN_DIRECT_OBJC_ISA_USAGE = YES_ERROR;
				CLANG_WARN_DOCUMENTATION_COMMENTS = YES;
				CLANG_WARN_EMPTY_BODY = YES;
				CLANG_WARN_ENUM_CONVERSION = YES;
				CLANG_WARN_INFINITE_RECURSION = YES;
				CLANG_WARN_INT_CONVERSION = YES;
				CLANG_WARN_NON_LITERAL_NULL_CONVERSION = YES;
				CLANG_WARN_OBJC_IMPLICIT_RETAIN_SELF = YES;
				CLANG_WARN_OBJC_LITERAL_CONVERSION = YES;
				CLANG_WARN_OBJC_ROOT_CLASS = YES_ERROR;
				CLANG_WARN_RANGE_LOOP_ANALYSIS = YES;
				CLANG_WARN_STRICT_PROTOTYPES = YES;
				CLANG_WARN_SUSPICIOUS_MOVE = YES;
				CLANG_WARN_UNGUARDED_AVAILABILITY = YES_AGGRESSIVE;
				CLANG_WARN_UNREACHABLE_CODE = YES;
				CLANG_WARN__DUPLICATE_METHOD_MATCH = YES;
				CODE_SIGN_IDENTITY = "iPhone Developer";
				COPY_PHASE_STRIP = NO;
				DEBUG_INFORMATION_FORMAT = dwarf;
				ENABLE_STRICT_OBJC_MSGSEND = YES;
				ENABLE_TESTABILITY = YES;
				GCC_C_LANGUAGE_STANDARD = gnu11;
				GCC_DYNAMIC_NO_PIC = NO;
				GCC_NO_COMMON_BLOCKS = YES;
				GCC_OPTIMIZATION_LEVEL = 0;
				GCC_PREPROCESSOR_DEFINITIONS = (
					"DEBUG=1",
					"$(inherited)",
				);
				GCC_WARN_64_TO_32_BIT_CONVERSION = YES;
				GCC_WARN_ABOUT_RETURN_TYPE = YES_ERROR;
				GCC_WARN_UNDECLARED_SELECTOR = YES;
				GCC_WARN_UNINITIALIZED_AUTOS = YES_AGGRESSIVE;
				GCC_WARN_UNUSED_FUNCTION = YES;
				GCC_WARN_UNUSED_VARIABLE = YES;
				IPHONEOS_DEPLOYMENT_TARGET = 12.2;
				LAST_FM_API_KEY = e1116ff78e72bee82a5e4e0db782ea05;
				LAST_FM_BASE_URL_HOST = ws.audioscrobbler.com;
				LAST_FM_SHARED_SECRET = c4a4a0d01d392a42d33cba18b080e65b;
				MTL_ENABLE_DEBUG_INFO = INCLUDE_SOURCE;
				MTL_FAST_MATH = YES;
				ONLY_ACTIVE_ARCH = YES;
				SDKROOT = iphoneos;
				SWIFT_ACTIVE_COMPILATION_CONDITIONS = DEBUG;
				SWIFT_OPTIMIZATION_LEVEL = "-Onone";
				SWIFT_VERSION = 5.0;
			};
			name = Debug;
		};
		23E59DA82319ADF60050B1B7 /* Release */ = {
			isa = XCBuildConfiguration;
			buildSettings = {
				ALWAYS_SEARCH_USER_PATHS = NO;
				CLANG_ANALYZER_NONNULL = YES;
				CLANG_ANALYZER_NUMBER_OBJECT_CONVERSION = YES_AGGRESSIVE;
				CLANG_CXX_LANGUAGE_STANDARD = "gnu++14";
				CLANG_CXX_LIBRARY = "libc++";
				CLANG_ENABLE_MODULES = YES;
				CLANG_ENABLE_OBJC_ARC = YES;
				CLANG_ENABLE_OBJC_WEAK = YES;
				CLANG_WARN_BLOCK_CAPTURE_AUTORELEASING = YES;
				CLANG_WARN_BOOL_CONVERSION = YES;
				CLANG_WARN_COMMA = YES;
				CLANG_WARN_CONSTANT_CONVERSION = YES;
				CLANG_WARN_DEPRECATED_OBJC_IMPLEMENTATIONS = YES;
				CLANG_WARN_DIRECT_OBJC_ISA_USAGE = YES_ERROR;
				CLANG_WARN_DOCUMENTATION_COMMENTS = YES;
				CLANG_WARN_EMPTY_BODY = YES;
				CLANG_WARN_ENUM_CONVERSION = YES;
				CLANG_WARN_INFINITE_RECURSION = YES;
				CLANG_WARN_INT_CONVERSION = YES;
				CLANG_WARN_NON_LITERAL_NULL_CONVERSION = YES;
				CLANG_WARN_OBJC_IMPLICIT_RETAIN_SELF = YES;
				CLANG_WARN_OBJC_LITERAL_CONVERSION = YES;
				CLANG_WARN_OBJC_ROOT_CLASS = YES_ERROR;
				CLANG_WARN_RANGE_LOOP_ANALYSIS = YES;
				CLANG_WARN_STRICT_PROTOTYPES = YES;
				CLANG_WARN_SUSPICIOUS_MOVE = YES;
				CLANG_WARN_UNGUARDED_AVAILABILITY = YES_AGGRESSIVE;
				CLANG_WARN_UNREACHABLE_CODE = YES;
				CLANG_WARN__DUPLICATE_METHOD_MATCH = YES;
				CODE_SIGN_IDENTITY = "iPhone Developer";
				COPY_PHASE_STRIP = NO;
				DEBUG_INFORMATION_FORMAT = "dwarf-with-dsym";
				ENABLE_NS_ASSERTIONS = NO;
				ENABLE_STRICT_OBJC_MSGSEND = YES;
				GCC_C_LANGUAGE_STANDARD = gnu11;
				GCC_NO_COMMON_BLOCKS = YES;
				GCC_WARN_64_TO_32_BIT_CONVERSION = YES;
				GCC_WARN_ABOUT_RETURN_TYPE = YES_ERROR;
				GCC_WARN_UNDECLARED_SELECTOR = YES;
				GCC_WARN_UNINITIALIZED_AUTOS = YES_AGGRESSIVE;
				GCC_WARN_UNUSED_FUNCTION = YES;
				GCC_WARN_UNUSED_VARIABLE = YES;
				IPHONEOS_DEPLOYMENT_TARGET = 12.2;
				LAST_FM_API_KEY = e1116ff78e72bee82a5e4e0db782ea05;
				LAST_FM_BASE_URL_HOST = ws.audioscrobbler.com;
				LAST_FM_SHARED_SECRET = c4a4a0d01d392a42d33cba18b080e65b;
				MTL_ENABLE_DEBUG_INFO = NO;
				MTL_FAST_MATH = YES;
				SDKROOT = iphoneos;
				SWIFT_COMPILATION_MODE = wholemodule;
				SWIFT_OPTIMIZATION_LEVEL = "-O";
				SWIFT_VERSION = 5.0;
				VALIDATE_PRODUCT = YES;
			};
			name = Release;
		};
		23E59DAA2319ADF60050B1B7 /* Debug */ = {
			isa = XCBuildConfiguration;
			baseConfigurationReference = 929892BEB1CC8799408D5C3B /* Pods-TestTaskApp.debug.xcconfig */;
			buildSettings = {
				ASSETCATALOG_COMPILER_APPICON_NAME = AppIcon;
				CODE_SIGN_STYLE = Automatic;
				DEVELOPMENT_TEAM = 847623UFJR;
				INFOPLIST_FILE = TestTaskApp/Info.plist;
				LD_RUNPATH_SEARCH_PATHS = (
					"$(inherited)",
					"@executable_path/Frameworks",
				);
				PRODUCT_BUNDLE_IDENTIFIER = com.ljubinkovicdj93.TestTaskApp;
				PRODUCT_NAME = "$(TARGET_NAME)";
				SWIFT_VERSION = 5.0;
				TARGETED_DEVICE_FAMILY = "1,2";
			};
			name = Debug;
		};
		23E59DAB2319ADF60050B1B7 /* Release */ = {
			isa = XCBuildConfiguration;
			baseConfigurationReference = 8B8E46E4A6806546F7CDD382 /* Pods-TestTaskApp.release.xcconfig */;
			buildSettings = {
				ASSETCATALOG_COMPILER_APPICON_NAME = AppIcon;
				CODE_SIGN_STYLE = Automatic;
				DEVELOPMENT_TEAM = 847623UFJR;
				INFOPLIST_FILE = TestTaskApp/Info.plist;
				LD_RUNPATH_SEARCH_PATHS = (
					"$(inherited)",
					"@executable_path/Frameworks",
				);
				PRODUCT_BUNDLE_IDENTIFIER = com.ljubinkovicdj93.TestTaskApp;
				PRODUCT_NAME = "$(TARGET_NAME)";
				SWIFT_VERSION = 5.0;
				TARGETED_DEVICE_FAMILY = "1,2";
			};
			name = Release;
		};
		23E59DAD2319ADF60050B1B7 /* Debug */ = {
			isa = XCBuildConfiguration;
			baseConfigurationReference = D75C97A454394D97209D7780 /* Pods-TestTaskAppTests.debug.xcconfig */;
			buildSettings = {
				ALWAYS_EMBED_SWIFT_STANDARD_LIBRARIES = YES;
				BUNDLE_LOADER = "$(TEST_HOST)";
				CODE_SIGN_STYLE = Automatic;
				DEVELOPMENT_TEAM = 847623UFJR;
				INFOPLIST_FILE = TestTaskAppTests/Info.plist;
				LD_RUNPATH_SEARCH_PATHS = (
					"$(inherited)",
					"@executable_path/Frameworks",
					"@loader_path/Frameworks",
				);
				PRODUCT_BUNDLE_IDENTIFIER = com.ljubinkovicdj93.TestTaskAppTests;
				PRODUCT_NAME = "$(TARGET_NAME)";
				SWIFT_VERSION = 5.0;
				TARGETED_DEVICE_FAMILY = "1,2";
				TEST_HOST = "$(BUILT_PRODUCTS_DIR)/TestTaskApp.app/TestTaskApp";
			};
			name = Debug;
		};
		23E59DAE2319ADF60050B1B7 /* Release */ = {
			isa = XCBuildConfiguration;
			baseConfigurationReference = CB43B9058B2BA542DB12E113 /* Pods-TestTaskAppTests.release.xcconfig */;
			buildSettings = {
				ALWAYS_EMBED_SWIFT_STANDARD_LIBRARIES = YES;
				BUNDLE_LOADER = "$(TEST_HOST)";
				CODE_SIGN_STYLE = Automatic;
				DEVELOPMENT_TEAM = 847623UFJR;
				INFOPLIST_FILE = TestTaskAppTests/Info.plist;
				LD_RUNPATH_SEARCH_PATHS = (
					"$(inherited)",
					"@executable_path/Frameworks",
					"@loader_path/Frameworks",
				);
				PRODUCT_BUNDLE_IDENTIFIER = com.ljubinkovicdj93.TestTaskAppTests;
				PRODUCT_NAME = "$(TARGET_NAME)";
				SWIFT_VERSION = 5.0;
				TARGETED_DEVICE_FAMILY = "1,2";
				TEST_HOST = "$(BUILT_PRODUCTS_DIR)/TestTaskApp.app/TestTaskApp";
			};
			name = Release;
		};
		23E59DB02319ADF60050B1B7 /* Debug */ = {
			isa = XCBuildConfiguration;
			baseConfigurationReference = 53177CB7A76CEF3AAFDC50E5 /* Pods-TestTaskAppUITests.debug.xcconfig */;
			buildSettings = {
				ALWAYS_EMBED_SWIFT_STANDARD_LIBRARIES = YES;
				CODE_SIGN_STYLE = Automatic;
				DEVELOPMENT_TEAM = 847623UFJR;
				INFOPLIST_FILE = TestTaskAppUITests/Info.plist;
				LD_RUNPATH_SEARCH_PATHS = (
					"$(inherited)",
					"@executable_path/Frameworks",
					"@loader_path/Frameworks",
				);
				PRODUCT_BUNDLE_IDENTIFIER = com.ljubinkovicdj93.TestTaskAppUITests;
				PRODUCT_NAME = "$(TARGET_NAME)";
				SWIFT_VERSION = 5.0;
				TARGETED_DEVICE_FAMILY = "1,2";
				TEST_TARGET_NAME = TestTaskApp;
			};
			name = Debug;
		};
		23E59DB12319ADF60050B1B7 /* Release */ = {
			isa = XCBuildConfiguration;
			baseConfigurationReference = 41C7C2A801F43B470829ED17 /* Pods-TestTaskAppUITests.release.xcconfig */;
			buildSettings = {
				ALWAYS_EMBED_SWIFT_STANDARD_LIBRARIES = YES;
				CODE_SIGN_STYLE = Automatic;
				DEVELOPMENT_TEAM = 847623UFJR;
				INFOPLIST_FILE = TestTaskAppUITests/Info.plist;
				LD_RUNPATH_SEARCH_PATHS = (
					"$(inherited)",
					"@executable_path/Frameworks",
					"@loader_path/Frameworks",
				);
				PRODUCT_BUNDLE_IDENTIFIER = com.ljubinkovicdj93.TestTaskAppUITests;
				PRODUCT_NAME = "$(TARGET_NAME)";
				SWIFT_VERSION = 5.0;
				TARGETED_DEVICE_FAMILY = "1,2";
				TEST_TARGET_NAME = TestTaskApp;
			};
			name = Release;
		};
/* End XCBuildConfiguration section */

/* Begin XCConfigurationList section */
		23E59D792319ADF40050B1B7 /* Build configuration list for PBXProject "TestTaskApp" */ = {
			isa = XCConfigurationList;
			buildConfigurations = (
				23E59DA72319ADF60050B1B7 /* Debug */,
				23E59DA82319ADF60050B1B7 /* Release */,
			);
			defaultConfigurationIsVisible = 0;
			defaultConfigurationName = Release;
		};
		23E59DA92319ADF60050B1B7 /* Build configuration list for PBXNativeTarget "TestTaskApp" */ = {
			isa = XCConfigurationList;
			buildConfigurations = (
				23E59DAA2319ADF60050B1B7 /* Debug */,
				23E59DAB2319ADF60050B1B7 /* Release */,
			);
			defaultConfigurationIsVisible = 0;
			defaultConfigurationName = Release;
		};
		23E59DAC2319ADF60050B1B7 /* Build configuration list for PBXNativeTarget "TestTaskAppTests" */ = {
			isa = XCConfigurationList;
			buildConfigurations = (
				23E59DAD2319ADF60050B1B7 /* Debug */,
				23E59DAE2319ADF60050B1B7 /* Release */,
			);
			defaultConfigurationIsVisible = 0;
			defaultConfigurationName = Release;
		};
		23E59DAF2319ADF60050B1B7 /* Build configuration list for PBXNativeTarget "TestTaskAppUITests" */ = {
			isa = XCConfigurationList;
			buildConfigurations = (
				23E59DB02319ADF60050B1B7 /* Debug */,
				23E59DB12319ADF60050B1B7 /* Release */,
			);
			defaultConfigurationIsVisible = 0;
			defaultConfigurationName = Release;
		};
/* End XCConfigurationList section */

/* Begin XCVersionGroup section */
		23E59D882319ADF40050B1B7 /* TestTaskApp.xcdatamodeld */ = {
			isa = XCVersionGroup;
			children = (
				23E59D892319ADF40050B1B7 /* TestTaskApp.xcdatamodel */,
			);
			currentVersion = 23E59D892319ADF40050B1B7 /* TestTaskApp.xcdatamodel */;
			path = TestTaskApp.xcdatamodeld;
			sourceTree = "<group>";
			versionGroupType = wrapper.xcdatamodel;
		};
/* End XCVersionGroup section */
	};
	rootObject = 23E59D762319ADF40050B1B7 /* Project object */;
}
